
Microsoft Visual Studio Solution File, Format Version 12.00
# Visual Studio Version 17
VisualStudioVersion = 17.8.34004.107
MinimumVisualStudioVersion = 10.0.40219.1
Project("{9A19103F-16F7-4668-BE54-9A1E7A4F7556}") = "SummarizerMauiApp", "SummarizerMauiApp\SummarizerMauiApp.csproj", "{2C5C39B3-6458-4B01-A440-EDCC0F31AFAD}"
EndProject
Global
	GlobalSection(SolutionConfigurationPlatforms) = preSolution
		Debug|Any CPU = Debug|Any CPU
		Release|Any CPU = Release|Any CPU
	EndGlobalSection
	GlobalSection(ProjectConfigurationPlatforms) = postSolution
		{2C5C39B3-6458-4B01-A440-EDCC0F31AFAD}.Debug|Any CPU.ActiveCfg = Debug|Any CPU
		{2C5C39B3-6458-4B01-A440-EDCC0F31AFAD}.Debug|Any CPU.Build.0 = Debug|Any CPU
		{2C5C39B3-6458-4B01-A440-EDCC0F31AFAD}.Debug|Any CPU.Deploy.0 = Debug|Any CPU
		{2C5C39B3-6458-4B01-A440-EDCC0F31AFAD}.Release|Any CPU.ActiveCfg = Release|Any CPU
		{2C5C39B3-6458-4B01-A440-EDCC0F31AFAD}.Release|Any CPU.Build.0 = Release|Any CPU
		{2C5C39B3-6458-4B01-A440-EDCC0F31AFAD}.Release|Any CPU.Deploy.0 = Release|Any CPU
	EndGlobalSection
	GlobalSection(SolutionProperties) = preSolution
		HideSolutionNode = FALSE
	EndGlobalSection
	GlobalSection(ExtensibilityGlobals) = postSolution
		SolutionGuid = {BEF3F0B1-9D05-4D42-91A8-2E360FF2451E}
	EndGlobalSection
EndGlobal
